
Microsoft Visual Studio Solution File, Format Version 12.00
# Visual Studio 15
VisualStudioVersion = 15.0.28307.106
MinimumVisualStudioVersion = 10.0.40219.1
Project("{8BC9CEB8-8B4A-11D0-8D11-00A0C91BC942}") = "fngrs", "fngrs.vcxproj", "{66DB3668-0A1C-4FFB-8C73-5ACFAF1CD6F5}"
EndProject
Global
	GlobalSection(SolutionConfigurationPlatforms) = preSolution
		Debug|x64 = Debug|x64
		Debug|x86 = Debug|x86
		Release|x64 = Release|x64
		Release|x86 = Release|x86
	EndGlobalSection
	GlobalSection(ProjectConfigurationPlatforms) = postSolution
		{66DB3668-0A1C-4FFB-8C73-5ACFAF1CD6F5}.Debug|x64.ActiveCfg = Debug|x64
		{66DB3668-0A1C-4FFB-8C73-5ACFAF1CD6F5}.Debug|x64.Build.0 = Debug|x64
		{66DB3668-0A1C-4FFB-8C73-5ACFAF1CD6F5}.Debug|x86.ActiveCfg = Debug|Win32
		{66DB3668-0A1C-4FFB-8C73-5ACFAF1CD6F5}.Debug|x86.Build.0 = Debug|Win32
		{66DB3668-0A1C-4FFB-8C73-5ACFAF1CD6F5}.Release|x64.ActiveCfg = Release|x64
		{66DB3668-0A1C-4FFB-8C73-5ACFAF1CD6F5}.Release|x64.Build.0 = Release|x64
		{66DB3668-0A1C-4FFB-8C73-5ACFAF1CD6F5}.Release|x86.ActiveCfg = Release|Win32
		{66DB3668-0A1C-4FFB-8C73-5ACFAF1CD6F5}.Release|x86.Build.0 = Release|Win32
	EndGlobalSection
	GlobalSection(SolutionProperties) = preSolution
		HideSolutionNode = FALSE
	EndGlobalSection
	GlobalSection(ExtensibilityGlobals) = postSolution
		SolutionGuid = {81C0C7C1-C76F-40D7-A7A7-7E87C1A294C5}
	EndGlobalSection
EndGlobal
